
Microsoft Visual Studio Solution File, Format Version 12.00
# Visual Studio Version 17
VisualStudioVersion = 17.6.33815.320
MinimumVisualStudioVersion = 10.0.40219.1
Project("{FAE04EC0-301F-11D3-BF4B-00C04F79EFBC}") = "EjercicioAbstraccion", "EjercicioAbstraccion.csproj", "{40EBBE69-BD1E-4E28-9CC6-D4242BFA8B7B}"
EndProject
Global
	GlobalSection(SolutionConfigurationPlatforms) = preSolution
		Debug|Any CPU = Debug|Any CPU
		Release|Any CPU = Release|Any CPU
	EndGlobalSection
	GlobalSection(ProjectConfigurationPlatforms) = postSolution
		{40EBBE69-BD1E-4E28-9CC6-D4242BFA8B7B}.Debug|Any CPU.ActiveCfg = Debug|Any CPU
		{40EBBE69-BD1E-4E28-9CC6-D4242BFA8B7B}.Debug|Any CPU.Build.0 = Debug|Any CPU
		{40EBBE69-BD1E-4E28-9CC6-D4242BFA8B7B}.Release|Any CPU.ActiveCfg = Release|Any CPU
		{40EBBE69-BD1E-4E28-9CC6-D4242BFA8B7B}.Release|Any CPU.Build.0 = Release|Any CPU
	EndGlobalSection
	GlobalSection(SolutionProperties) = preSolution
		HideSolutionNode = FALSE
	EndGlobalSection
	GlobalSection(ExtensibilityGlobals) = postSolution
		SolutionGuid = {DCCEEBE3-A022-4E53-85AC-78499067A4D6}
	EndGlobalSection
EndGlobal
